
Microsoft Visual Studio Solution File, Format Version 12.00
# Visual Studio Version 16
VisualStudioVersion = 16.0.30611.23
MinimumVisualStudioVersion = 10.0.40219.1
Project("{9A19103F-16F7-4668-BE54-9A1E7A4F7556}") = "BitCounting", "BitCounting\BitCounting.csproj", "{C50E2430-18B8-4AE7-AE53-6D013898008C}"
EndProject
Project("{9A19103F-16F7-4668-BE54-9A1E7A4F7556}") = "JadenCasingStrings", "JadenCasingStrings\JadenCasingStrings.csproj", "{130C4C72-96F1-428D-8C8A-14963CEF0A6D}"
EndProject
Project("{9A19103F-16F7-4668-BE54-9A1E7A4F7556}") = "CountingDuplicates", "CountingDuplicates\CountingDuplicates.csproj", "{01AFA47D-9C86-4263-9277-238669C7BAB3}"
EndProject
Project("{9A19103F-16F7-4668-BE54-9A1E7A4F7556}") = "VowelCount", "VowelCount\VowelCount.csproj", "{BF466DBF-4D61-4C38-91C1-2D827948B69C}"
EndProject
Project("{FAE04EC0-301F-11D3-BF4B-00C04F79EFBC}") = "MaximumSubarraySum", "MaximumSubarraySum\MaximumSubarraySum.csproj", "{057A1D3B-AAEC-4878-B48C-289C5FFA6613}"
EndProject
Global
	GlobalSection(SolutionConfigurationPlatforms) = preSolution
		Debug|Any CPU = Debug|Any CPU
		Release|Any CPU = Release|Any CPU
	EndGlobalSection
	GlobalSection(ProjectConfigurationPlatforms) = postSolution
		{C50E2430-18B8-4AE7-AE53-6D013898008C}.Debug|Any CPU.ActiveCfg = Debug|Any CPU
		{C50E2430-18B8-4AE7-AE53-6D013898008C}.Debug|Any CPU.Build.0 = Debug|Any CPU
		{C50E2430-18B8-4AE7-AE53-6D013898008C}.Release|Any CPU.ActiveCfg = Release|Any CPU
		{C50E2430-18B8-4AE7-AE53-6D013898008C}.Release|Any CPU.Build.0 = Release|Any CPU
		{130C4C72-96F1-428D-8C8A-14963CEF0A6D}.Debug|Any CPU.ActiveCfg = Debug|Any CPU
		{130C4C72-96F1-428D-8C8A-14963CEF0A6D}.Debug|Any CPU.Build.0 = Debug|Any CPU
		{130C4C72-96F1-428D-8C8A-14963CEF0A6D}.Release|Any CPU.ActiveCfg = Release|Any CPU
		{130C4C72-96F1-428D-8C8A-14963CEF0A6D}.Release|Any CPU.Build.0 = Release|Any CPU
		{01AFA47D-9C86-4263-9277-238669C7BAB3}.Debug|Any CPU.ActiveCfg = Debug|Any CPU
		{01AFA47D-9C86-4263-9277-238669C7BAB3}.Debug|Any CPU.Build.0 = Debug|Any CPU
		{01AFA47D-9C86-4263-9277-238669C7BAB3}.Release|Any CPU.ActiveCfg = Release|Any CPU
		{01AFA47D-9C86-4263-9277-238669C7BAB3}.Release|Any CPU.Build.0 = Release|Any CPU
		{BF466DBF-4D61-4C38-91C1-2D827948B69C}.Debug|Any CPU.ActiveCfg = Debug|Any CPU
		{BF466DBF-4D61-4C38-91C1-2D827948B69C}.Debug|Any CPU.Build.0 = Debug|Any CPU
		{BF466DBF-4D61-4C38-91C1-2D827948B69C}.Release|Any CPU.ActiveCfg = Release|Any CPU
		{BF466DBF-4D61-4C38-91C1-2D827948B69C}.Release|Any CPU.Build.0 = Release|Any CPU
		{057A1D3B-AAEC-4878-B48C-289C5FFA6613}.Debug|Any CPU.ActiveCfg = Debug|Any CPU
		{057A1D3B-AAEC-4878-B48C-289C5FFA6613}.Debug|Any CPU.Build.0 = Debug|Any CPU
		{057A1D3B-AAEC-4878-B48C-289C5FFA6613}.Release|Any CPU.ActiveCfg = Release|Any CPU
		{057A1D3B-AAEC-4878-B48C-289C5FFA6613}.Release|Any CPU.Build.0 = Release|Any CPU
	EndGlobalSection
	GlobalSection(SolutionProperties) = preSolution
		HideSolutionNode = FALSE
	EndGlobalSection
	GlobalSection(ExtensibilityGlobals) = postSolution
		SolutionGuid = {2C021C28-E652-45CC-B1B4-0F71C44B86C5}
	EndGlobalSection
EndGlobal
